
Microsoft Visual Studio Solution File, Format Version 12.00
# Visual Studio Version 17
VisualStudioVersion = 17.0.31919.166
MinimumVisualStudioVersion = 10.0.40219.1
Project("{FAE04EC0-301F-11D3-BF4B-00C04F79EFBC}") = "GUVENYOLDAS.Hangfire.Web", "GUVENYOLDAS.Hangfire.Web\GUVENYOLDAS.Hangfire.Web.csproj", "{F75D7822-4758-4B52-9F53-5569D9E9AA29}"
EndProject
Global
	GlobalSection(SolutionConfigurationPlatforms) = preSolution
		Debug|Any CPU = Debug|Any CPU
		Release|Any CPU = Release|Any CPU
	EndGlobalSection
	GlobalSection(ProjectConfigurationPlatforms) = postSolution
		{F75D7822-4758-4B52-9F53-5569D9E9AA29}.Debug|Any CPU.ActiveCfg = Debug|Any CPU
		{F75D7822-4758-4B52-9F53-5569D9E9AA29}.Debug|Any CPU.Build.0 = Debug|Any CPU
		{F75D7822-4758-4B52-9F53-5569D9E9AA29}.Release|Any CPU.ActiveCfg = Release|Any CPU
		{F75D7822-4758-4B52-9F53-5569D9E9AA29}.Release|Any CPU.Build.0 = Release|Any CPU
	EndGlobalSection
	GlobalSection(SolutionProperties) = preSolution
		HideSolutionNode = FALSE
	EndGlobalSection
	GlobalSection(ExtensibilityGlobals) = postSolution
		SolutionGuid = {C80E4602-226F-4E32-98AB-AD64DCF00DC8}
	EndGlobalSection
EndGlobal
